
Microsoft Visual Studio Solution File, Format Version 12.00
# Visual Studio Version 16
VisualStudioVersion = 16.0.28714.193
MinimumVisualStudioVersion = 15.0.26124.0
Project("{2150E333-8FDC-42A3-9474-1A3956D46DE8}") = "Solution Items", "Solution Items", "{F7D397F0-2587-4B14-97C6-DC6378E2EE4D}"
	ProjectSection(SolutionItems) = preProject
		.editorconfig = .editorconfig
	EndProjectSection
EndProject
Project("{9A19103F-16F7-4668-BE54-9A1E7A4F7556}") = "HomeControl.StreamDeck", "src\HomeControl.StreamDeck\HomeControl.StreamDeck.csproj", "{EC15BB62-9226-44A8-9A54-82B2C31EA6E2}"
EndProject
Project("{FAE04EC0-301F-11D3-BF4B-00C04F79EFBC}") = "HomeControl.Web", "src\HomeControl.Web\HomeControl.Web.csproj", "{09F4189C-D7D3-42CF-8DD9-2FAB1DC569D4}"
EndProject
Project("{2150E333-8FDC-42A3-9474-1A3956D46DE8}") = "src", "src", "{B00C467F-40FE-47BA-B049-271B1EA9514F}"
EndProject
Project("{FAE04EC0-301F-11D3-BF4B-00C04F79EFBC}") = "Zube.StreamDeck", "src\StreamDeck\Zube.StreamDeck.csproj", "{2F91D665-10B0-4446-8153-6A798F4865AA}"
EndProject
Project("{FAE04EC0-301F-11D3-BF4B-00C04F79EFBC}") = "HomeControl.Test", "src\HomeControl.Test\HomeControl.Test.csproj", "{D10707D9-36F8-4122-9F85-6666D15A3411}"
EndProject
Global
	GlobalSection(SolutionConfigurationPlatforms) = preSolution
		Debug|Any CPU = Debug|Any CPU
		Debug|x64 = Debug|x64
		Debug|x86 = Debug|x86
		Release|Any CPU = Release|Any CPU
		Release|x64 = Release|x64
		Release|x86 = Release|x86
	EndGlobalSection
	GlobalSection(ProjectConfigurationPlatforms) = postSolution
		{EC15BB62-9226-44A8-9A54-82B2C31EA6E2}.Debug|Any CPU.ActiveCfg = Debug|Any CPU
		{EC15BB62-9226-44A8-9A54-82B2C31EA6E2}.Debug|Any CPU.Build.0 = Debug|Any CPU
		{EC15BB62-9226-44A8-9A54-82B2C31EA6E2}.Debug|x64.ActiveCfg = Debug|Any CPU
		{EC15BB62-9226-44A8-9A54-82B2C31EA6E2}.Debug|x64.Build.0 = Debug|Any CPU
		{EC15BB62-9226-44A8-9A54-82B2C31EA6E2}.Debug|x86.ActiveCfg = Debug|Any CPU
		{EC15BB62-9226-44A8-9A54-82B2C31EA6E2}.Debug|x86.Build.0 = Debug|Any CPU
		{EC15BB62-9226-44A8-9A54-82B2C31EA6E2}.Release|Any CPU.ActiveCfg = Release|Any CPU
		{EC15BB62-9226-44A8-9A54-82B2C31EA6E2}.Release|Any CPU.Build.0 = Release|Any CPU
		{EC15BB62-9226-44A8-9A54-82B2C31EA6E2}.Release|x64.ActiveCfg = Release|Any CPU
		{EC15BB62-9226-44A8-9A54-82B2C31EA6E2}.Release|x64.Build.0 = Release|Any CPU
		{EC15BB62-9226-44A8-9A54-82B2C31EA6E2}.Release|x86.ActiveCfg = Release|Any CPU
		{EC15BB62-9226-44A8-9A54-82B2C31EA6E2}.Release|x86.Build.0 = Release|Any CPU
		{09F4189C-D7D3-42CF-8DD9-2FAB1DC569D4}.Debug|Any CPU.ActiveCfg = Debug|Any CPU
		{09F4189C-D7D3-42CF-8DD9-2FAB1DC569D4}.Debug|Any CPU.Build.0 = Debug|Any CPU
		{09F4189C-D7D3-42CF-8DD9-2FAB1DC569D4}.Debug|x64.ActiveCfg = Debug|Any CPU
		{09F4189C-D7D3-42CF-8DD9-2FAB1DC569D4}.Debug|x64.Build.0 = Debug|Any CPU
		{09F4189C-D7D3-42CF-8DD9-2FAB1DC569D4}.Debug|x86.ActiveCfg = Debug|Any CPU
		{09F4189C-D7D3-42CF-8DD9-2FAB1DC569D4}.Debug|x86.Build.0 = Debug|Any CPU
		{09F4189C-D7D3-42CF-8DD9-2FAB1DC569D4}.Release|Any CPU.ActiveCfg = Release|Any CPU
		{09F4189C-D7D3-42CF-8DD9-2FAB1DC569D4}.Release|Any CPU.Build.0 = Release|Any CPU
		{09F4189C-D7D3-42CF-8DD9-2FAB1DC569D4}.Release|x64.ActiveCfg = Release|Any CPU
		{09F4189C-D7D3-42CF-8DD9-2FAB1DC569D4}.Release|x64.Build.0 = Release|Any CPU
		{09F4189C-D7D3-42CF-8DD9-2FAB1DC569D4}.Release|x86.ActiveCfg = Release|Any CPU
		{09F4189C-D7D3-42CF-8DD9-2FAB1DC569D4}.Release|x86.Build.0 = Release|Any CPU
		{2F91D665-10B0-4446-8153-6A798F4865AA}.Debug|Any CPU.ActiveCfg = Debug|Any CPU
		{2F91D665-10B0-4446-8153-6A798F4865AA}.Debug|Any CPU.Build.0 = Debug|Any CPU
		{2F91D665-10B0-4446-8153-6A798F4865AA}.Debug|x64.ActiveCfg = Debug|Any CPU
		{2F91D665-10B0-4446-8153-6A798F4865AA}.Debug|x64.Build.0 = Debug|Any CPU
		{2F91D665-10B0-4446-8153-6A798F4865AA}.Debug|x86.ActiveCfg = Debug|Any CPU
		{2F91D665-10B0-4446-8153-6A798F4865AA}.Debug|x86.Build.0 = Debug|Any CPU
		{2F91D665-10B0-4446-8153-6A798F4865AA}.Release|Any CPU.ActiveCfg = Release|Any CPU
		{2F91D665-10B0-4446-8153-6A798F4865AA}.Release|Any CPU.Build.0 = Release|Any CPU
		{2F91D665-10B0-4446-8153-6A798F4865AA}.Release|x64.ActiveCfg = Release|Any CPU
		{2F91D665-10B0-4446-8153-6A798F4865AA}.Release|x64.Build.0 = Release|Any CPU
		{2F91D665-10B0-4446-8153-6A798F4865AA}.Release|x86.ActiveCfg = Release|Any CPU
		{2F91D665-10B0-4446-8153-6A798F4865AA}.Release|x86.Build.0 = Release|Any CPU
		{D10707D9-36F8-4122-9F85-6666D15A3411}.Debug|Any CPU.ActiveCfg = Debug|Any CPU
		{D10707D9-36F8-4122-9F85-6666D15A3411}.Debug|Any CPU.Build.0 = Debug|Any CPU
		{D10707D9-36F8-4122-9F85-6666D15A3411}.Debug|x64.ActiveCfg = Debug|Any CPU
		{D10707D9-36F8-4122-9F85-6666D15A3411}.Debug|x64.Build.0 = Debug|Any CPU
		{D10707D9-36F8-4122-9F85-6666D15A3411}.Debug|x86.ActiveCfg = Debug|Any CPU
		{D10707D9-36F8-4122-9F85-6666D15A3411}.Debug|x86.Build.0 = Debug|Any CPU
		{D10707D9-36F8-4122-9F85-6666D15A3411}.Release|Any CPU.ActiveCfg = Release|Any CPU
		{D10707D9-36F8-4122-9F85-6666D15A3411}.Release|Any CPU.Build.0 = Release|Any CPU
		{D10707D9-36F8-4122-9F85-6666D15A3411}.Release|x64.ActiveCfg = Release|Any CPU
		{D10707D9-36F8-4122-9F85-6666D15A3411}.Release|x64.Build.0 = Release|Any CPU
		{D10707D9-36F8-4122-9F85-6666D15A3411}.Release|x86.ActiveCfg = Release|Any CPU
		{D10707D9-36F8-4122-9F85-6666D15A3411}.Release|x86.Build.0 = Release|Any CPU
	EndGlobalSection
	GlobalSection(SolutionProperties) = preSolution
		HideSolutionNode = FALSE
	EndGlobalSection
	GlobalSection(ExtensibilityGlobals) = postSolution
		SolutionGuid = {76B53920-53E2-4388-9387-AAABB14ACCB2}
	EndGlobalSection
	GlobalSection(NestedProjects) = preSolution
		{2F91D665-10B0-4446-8153-6A798F4865AA} = {B00C467F-40FE-47BA-B049-271B1EA9514F}
		{D10707D9-36F8-4122-9F85-6666D15A3411} = {B00C467F-40FE-47BA-B049-271B1EA9514F}
	EndGlobalSection
EndGlobal
